// !$*UTF8*$!
{
	archiveVersion = 1;
	classes = {
	};
	objectVersion = 56;
	objects = {

/* Begin PBXBuildFile section */
		2708B19A2ACBFFA200DF70D9 /* OAuthTokenResponseBody.swift in Sources */ = {isa = PBXBuildFile; fileRef = 2708B1992ACBFFA200DF70D9 /* OAuthTokenResponseBody.swift */; };
		2708B19C2ACC035E00DF70D9 /* OAuth2Service.swift in Sources */ = {isa = PBXBuildFile; fileRef = 2708B19B2ACC035E00DF70D9 /* OAuth2Service.swift */; };
		2708B19F2ACC05E200DF70D9 /* OAuth2TokenStorage.swift in Sources */ = {isa = PBXBuildFile; fileRef = 2708B19E2ACC05E200DF70D9 /* OAuth2TokenStorage.swift */; };
		2708B1A22ACC71F000DF70D9 /* SplashViewController.swift in Sources */ = {isa = PBXBuildFile; fileRef = 2708B1A12ACC71F000DF70D9 /* SplashViewController.swift */; };
		270DBA692AB1CD8B0031B13A /* SingleImageViewController.swift in Sources */ = {isa = PBXBuildFile; fileRef = 270DBA682AB1CD8B0031B13A /* SingleImageViewController.swift */; };
		270EB48A2A9F3AB800FD984D /* ImagesListCell.swift in Sources */ = {isa = PBXBuildFile; fileRef = 270EB4892A9F3AB800FD984D /* ImagesListCell.swift */; };
		270FAD162A9B748100511619 /* AppDelegate.swift in Sources */ = {isa = PBXBuildFile; fileRef = 270FAD152A9B748100511619 /* AppDelegate.swift */; };
		270FAD182A9B748100511619 /* SceneDelegate.swift in Sources */ = {isa = PBXBuildFile; fileRef = 270FAD172A9B748100511619 /* SceneDelegate.swift */; };
		270FAD1A2A9B748100511619 /* ImagesListViewController.swift in Sources */ = {isa = PBXBuildFile; fileRef = 270FAD192A9B748100511619 /* ImagesListViewController.swift */; };
		270FAD1D2A9B748100511619 /* Main.storyboard in Resources */ = {isa = PBXBuildFile; fileRef = 270FAD1B2A9B748100511619 /* Main.storyboard */; };
		270FAD1F2A9B748200511619 /* Assets.xcassets in Resources */ = {isa = PBXBuildFile; fileRef = 270FAD1E2A9B748200511619 /* Assets.xcassets */; };
		270FAD222A9B748200511619 /* LaunchScreen.storyboard in Resources */ = {isa = PBXBuildFile; fileRef = 270FAD202A9B748200511619 /* LaunchScreen.storyboard */; };
		2723CBA32ACAAE7A00B3C040 /* Constants.swift in Sources */ = {isa = PBXBuildFile; fileRef = 2723CBA22ACAAE7A00B3C040 /* Constants.swift */; };
		2723CBA62ACAD7BF00B3C040 /* AuthViewController.swift in Sources */ = {isa = PBXBuildFile; fileRef = 2723CBA52ACAD7BF00B3C040 /* AuthViewController.swift */; };
		2723CBA92ACADBA400B3C040 /* WebViewViewController.swift in Sources */ = {isa = PBXBuildFile; fileRef = 2723CBA82ACADBA400B3C040 /* WebViewViewController.swift */; };
		2735A79C2AD6708900B6D43C /* ProgressHUD in Frameworks */ = {isa = PBXBuildFile; productRef = 2735A79B2AD6708900B6D43C /* ProgressHUD */; };
		273CE36C2AB47B6100FFAE58 /* SnapKit in Frameworks */ = {isa = PBXBuildFile; productRef = 273CE36B2AB47B6100FFAE58 /* SnapKit */; };
		27796C452AAEFD4400212E13 /* ProfileViewController.swift in Sources */ = {isa = PBXBuildFile; fileRef = 27796C442AAEFD4400212E13 /* ProfileViewController.swift */; };
		27C4CD612ACD84BD006D4EC4 /* NetworkError.swift in Sources */ = {isa = PBXBuildFile; fileRef = 27C4CD602ACD84BD006D4EC4 /* NetworkError.swift */; };
/* End PBXBuildFile section */

/* Begin PBXFileReference section */
		2708B1992ACBFFA200DF70D9 /* OAuthTokenResponseBody.swift */ = {isa = PBXFileReference; lastKnownFileType = sourcecode.swift; path = OAuthTokenResponseBody.swift; sourceTree = "<group>"; };
		2708B19B2ACC035E00DF70D9 /* OAuth2Service.swift */ = {isa = PBXFileReference; lastKnownFileType = sourcecode.swift; path = OAuth2Service.swift; sourceTree = "<group>"; };
		2708B19E2ACC05E200DF70D9 /* OAuth2TokenStorage.swift */ = {isa = PBXFileReference; lastKnownFileType = sourcecode.swift; path = OAuth2TokenStorage.swift; sourceTree = "<group>"; };
		2708B1A12ACC71F000DF70D9 /* SplashViewController.swift */ = {isa = PBXFileReference; lastKnownFileType = sourcecode.swift; path = SplashViewController.swift; sourceTree = "<group>"; };
		270DBA682AB1CD8B0031B13A /* SingleImageViewController.swift */ = {isa = PBXFileReference; lastKnownFileType = sourcecode.swift; path = SingleImageViewController.swift; sourceTree = "<group>"; };
		270EB4892A9F3AB800FD984D /* ImagesListCell.swift */ = {isa = PBXFileReference; lastKnownFileType = sourcecode.swift; path = ImagesListCell.swift; sourceTree = "<group>"; };
		270FAD122A9B748100511619 /* ImageFeed.app */ = {isa = PBXFileReference; explicitFileType = wrapper.application; includeInIndex = 0; path = ImageFeed.app; sourceTree = BUILT_PRODUCTS_DIR; };
		270FAD152A9B748100511619 /* AppDelegate.swift */ = {isa = PBXFileReference; lastKnownFileType = sourcecode.swift; path = AppDelegate.swift; sourceTree = "<group>"; };
		270FAD172A9B748100511619 /* SceneDelegate.swift */ = {isa = PBXFileReference; lastKnownFileType = sourcecode.swift; path = SceneDelegate.swift; sourceTree = "<group>"; };
		270FAD192A9B748100511619 /* ImagesListViewController.swift */ = {isa = PBXFileReference; lastKnownFileType = sourcecode.swift; path = ImagesListViewController.swift; sourceTree = "<group>"; };
		270FAD1C2A9B748100511619 /* Base */ = {isa = PBXFileReference; lastKnownFileType = file.storyboard; name = Base; path = Base.lproj/Main.storyboard; sourceTree = "<group>"; };
		270FAD1E2A9B748200511619 /* Assets.xcassets */ = {isa = PBXFileReference; lastKnownFileType = folder.assetcatalog; path = Assets.xcassets; sourceTree = "<group>"; };
		270FAD212A9B748200511619 /* Base */ = {isa = PBXFileReference; lastKnownFileType = file.storyboard; name = Base; path = Base.lproj/LaunchScreen.storyboard; sourceTree = "<group>"; };
		270FAD232A9B748200511619 /* Info.plist */ = {isa = PBXFileReference; lastKnownFileType = text.plist.xml; path = Info.plist; sourceTree = "<group>"; };
		2723CBA22ACAAE7A00B3C040 /* Constants.swift */ = {isa = PBXFileReference; lastKnownFileType = sourcecode.swift; path = Constants.swift; sourceTree = "<group>"; };
		2723CBA52ACAD7BF00B3C040 /* AuthViewController.swift */ = {isa = PBXFileReference; lastKnownFileType = sourcecode.swift; path = AuthViewController.swift; sourceTree = "<group>"; };
		2723CBA82ACADBA400B3C040 /* WebViewViewController.swift */ = {isa = PBXFileReference; lastKnownFileType = sourcecode.swift; path = WebViewViewController.swift; sourceTree = "<group>"; };
		27796C442AAEFD4400212E13 /* ProfileViewController.swift */ = {isa = PBXFileReference; lastKnownFileType = sourcecode.swift; path = ProfileViewController.swift; sourceTree = "<group>"; };
		27C4CD602ACD84BD006D4EC4 /* NetworkError.swift */ = {isa = PBXFileReference; lastKnownFileType = sourcecode.swift; path = NetworkError.swift; sourceTree = "<group>"; };
/* End PBXFileReference section */

/* Begin PBXFrameworksBuildPhase section */
		270FAD0F2A9B748100511619 /* Frameworks */ = {
			isa = PBXFrameworksBuildPhase;
			buildActionMask = 2147483647;
			files = (
				273CE36C2AB47B6100FFAE58 /* SnapKit in Frameworks */,
				2735A79C2AD6708900B6D43C /* ProgressHUD in Frameworks */,
			);
			runOnlyForDeploymentPostprocessing = 0;
		};
/* End PBXFrameworksBuildPhase section */

/* Begin PBXGroup section */
		2708B1982ACBFF8F00DF70D9 /* Model */ = {
			isa = PBXGroup;
			children = (
				2708B1992ACBFFA200DF70D9 /* OAuthTokenResponseBody.swift */,
			);
			path = Model;
			sourceTree = "<group>";
		};
		2708B19D2ACC036900DF70D9 /* Service */ = {
			isa = PBXGroup;
			children = (
				27C4CD602ACD84BD006D4EC4 /* NetworkError.swift */,
				2708B19E2ACC05E200DF70D9 /* OAuth2TokenStorage.swift */,
				2708B19B2ACC035E00DF70D9 /* OAuth2Service.swift */,
			);
			path = Service;
			sourceTree = "<group>";
		};
		2708B1A02ACC71D800DF70D9 /* SplashViewController */ = {
			isa = PBXGroup;
			children = (
				2708B1A12ACC71F000DF70D9 /* SplashViewController.swift */,
			);
			path = SplashViewController;
			sourceTree = "<group>";
		};
		270DBA6A2AB1D7840031B13A /* SingleImageView */ = {
			isa = PBXGroup;
			children = (
				270DBA682AB1CD8B0031B13A /* SingleImageViewController.swift */,
			);
			path = SingleImageView;
			sourceTree = "<group>";
		};
		270EB48B2A9F3AD300FD984D /* ImageList */ = {
			isa = PBXGroup;
			children = (
				270EB4892A9F3AB800FD984D /* ImagesListCell.swift */,
				270FAD192A9B748100511619 /* ImagesListViewController.swift */,
			);
			path = ImageList;
			sourceTree = "<group>";
		};
		270FAD092A9B748100511619 = {
			isa = PBXGroup;
			children = (
				270FAD142A9B748100511619 /* ImageFeed */,
				270FAD132A9B748100511619 /* Products */,
			);
			sourceTree = "<group>";
		};
		270FAD132A9B748100511619 /* Products */ = {
			isa = PBXGroup;
			children = (
				270FAD122A9B748100511619 /* ImageFeed.app */,
			);
			name = Products;
			sourceTree = "<group>";
		};
		270FAD142A9B748100511619 /* ImageFeed */ = {
			isa = PBXGroup;
			children = (
				2723CBA22ACAAE7A00B3C040 /* Constants.swift */,
				2723CBA42ACAAE8200B3C040 /* App */,
				2708B1A02ACC71D800DF70D9 /* SplashViewController */,
				2723CBA72ACAD7F600B3C040 /* Auth */,
				27796C432AAEFD2C00212E13 /* Profile */,
				270EB48B2A9F3AD300FD984D /* ImageList */,
				270DBA6A2AB1D7840031B13A /* SingleImageView */,
				270FAD1B2A9B748100511619 /* Main.storyboard */,
				270FAD1E2A9B748200511619 /* Assets.xcassets */,
				270FAD202A9B748200511619 /* LaunchScreen.storyboard */,
				270FAD232A9B748200511619 /* Info.plist */,
			);
			path = ImageFeed;
			sourceTree = "<group>";
		};
		2723CBA42ACAAE8200B3C040 /* App */ = {
			isa = PBXGroup;
			children = (
				270FAD152A9B748100511619 /* AppDelegate.swift */,
				270FAD172A9B748100511619 /* SceneDelegate.swift */,
			);
			path = App;
			sourceTree = "<group>";
		};
		2723CBA72ACAD7F600B3C040 /* Auth */ = {
			isa = PBXGroup;
			children = (
				2708B1982ACBFF8F00DF70D9 /* Model */,
				2708B19D2ACC036900DF70D9 /* Service */,
				2723CBA52ACAD7BF00B3C040 /* AuthViewController.swift */,
				2723CBA82ACADBA400B3C040 /* WebViewViewController.swift */,
			);
			path = Auth;
			sourceTree = "<group>";
		};
		27796C432AAEFD2C00212E13 /* Profile */ = {
			isa = PBXGroup;
			children = (
				27796C442AAEFD4400212E13 /* ProfileViewController.swift */,
			);
			path = Profile;
			sourceTree = "<group>";
		};
/* End PBXGroup section */

/* Begin PBXNativeTarget section */
		270FAD112A9B748100511619 /* ImageFeed */ = {
			isa = PBXNativeTarget;
			buildConfigurationList = 270FAD262A9B748200511619 /* Build configuration list for PBXNativeTarget "ImageFeed" */;
			buildPhases = (
				270FAD0E2A9B748100511619 /* Sources */,
				270FAD0F2A9B748100511619 /* Frameworks */,
				270FAD102A9B748100511619 /* Resources */,
			);
			buildRules = (
			);
			dependencies = (
			);
			name = ImageFeed;
			packageProductDependencies = (
				273CE36B2AB47B6100FFAE58 /* SnapKit */,
				2735A79B2AD6708900B6D43C /* ProgressHUD */,
			);
			productName = ImageFeed;
			productReference = 270FAD122A9B748100511619 /* ImageFeed.app */;
			productType = "com.apple.product-type.application";
		};
/* End PBXNativeTarget section */

/* Begin PBXProject section */
		270FAD0A2A9B748100511619 /* Project object */ = {
			isa = PBXProject;
			attributes = {
				BuildIndependentTargetsInParallel = 1;
				LastSwiftUpdateCheck = 1430;
				LastUpgradeCheck = 1430;
				TargetAttributes = {
					270FAD112A9B748100511619 = {
						CreatedOnToolsVersion = 14.3.1;
					};
				};
			};
			buildConfigurationList = 270FAD0D2A9B748100511619 /* Build configuration list for PBXProject "ImageFeed" */;
			compatibilityVersion = "Xcode 14.0";
			developmentRegion = en;
			hasScannedForEncodings = 0;
			knownRegions = (
				en,
				Base,
			);
			mainGroup = 270FAD092A9B748100511619;
			packageReferences = (
				273CE36A2AB47B6100FFAE58 /* XCRemoteSwiftPackageReference "SnapKit" */,
				2735A79A2AD6708900B6D43C /* XCRemoteSwiftPackageReference "ProgressHUD" */,
			);
			productRefGroup = 270FAD132A9B748100511619 /* Products */;
			projectDirPath = "";
			projectRoot = "";
			targets = (
				270FAD112A9B748100511619 /* ImageFeed */,
			);
		};
/* End PBXProject section */

/* Begin PBXResourcesBuildPhase section */
		270FAD102A9B748100511619 /* Resources */ = {
			isa = PBXResourcesBuildPhase;
			buildActionMask = 2147483647;
			files = (
				270FAD222A9B748200511619 /* LaunchScreen.storyboard in Resources */,
				270FAD1F2A9B748200511619 /* Assets.xcassets in Resources */,
				270FAD1D2A9B748100511619 /* Main.storyboard in Resources */,
			);
			runOnlyForDeploymentPostprocessing = 0;
		};
/* End PBXResourcesBuildPhase section */

/* Begin PBXSourcesBuildPhase section */
		270FAD0E2A9B748100511619 /* Sources */ = {
			isa = PBXSourcesBuildPhase;
			buildActionMask = 2147483647;
			files = (
				2708B19F2ACC05E200DF70D9 /* OAuth2TokenStorage.swift in Sources */,
				27C4CD612ACD84BD006D4EC4 /* NetworkError.swift in Sources */,
				270FAD1A2A9B748100511619 /* ImagesListViewController.swift in Sources */,
				270EB48A2A9F3AB800FD984D /* ImagesListCell.swift in Sources */,
				27796C452AAEFD4400212E13 /* ProfileViewController.swift in Sources */,
				270FAD162A9B748100511619 /* AppDelegate.swift in Sources */,
				2708B19C2ACC035E00DF70D9 /* OAuth2Service.swift in Sources */,
				2708B1A22ACC71F000DF70D9 /* SplashViewController.swift in Sources */,
				2708B19A2ACBFFA200DF70D9 /* OAuthTokenResponseBody.swift in Sources */,
				2723CBA62ACAD7BF00B3C040 /* AuthViewController.swift in Sources */,
				2723CBA32ACAAE7A00B3C040 /* Constants.swift in Sources */,
				270DBA692AB1CD8B0031B13A /* SingleImageViewController.swift in Sources */,
				2723CBA92ACADBA400B3C040 /* WebViewViewController.swift in Sources */,
				270FAD182A9B748100511619 /* SceneDelegate.swift in Sources */,
			);
			runOnlyForDeploymentPostprocessing = 0;
		};
/* End PBXSourcesBuildPhase section */

/* Begin PBXVariantGroup section */
		270FAD1B2A9B748100511619 /* Main.storyboard */ = {
			isa = PBXVariantGroup;
			children = (
				270FAD1C2A9B748100511619 /* Base */,
			);
			name = Main.storyboard;
			sourceTree = "<group>";
		};
		270FAD202A9B748200511619 /* LaunchScreen.storyboard */ = {
			isa = PBXVariantGroup;
			children = (
				270FAD212A9B748200511619 /* Base */,
			);
			name = LaunchScreen.storyboard;
			sourceTree = "<group>";
		};
/* End PBXVariantGroup section */

/* Begin XCBuildConfiguration section */
		270FAD242A9B748200511619 /* Debug */ = {
			isa = XCBuildConfiguration;
			buildSettings = {
				ALWAYS_SEARCH_USER_PATHS = NO;
				CLANG_ANALYZER_NONNULL = YES;
				CLANG_ANALYZER_NUMBER_OBJECT_CONVERSION = YES_AGGRESSIVE;
				CLANG_CXX_LANGUAGE_STANDARD = "gnu++20";
				CLANG_ENABLE_MODULES = YES;
				CLANG_ENABLE_OBJC_ARC = YES;
				CLANG_ENABLE_OBJC_WEAK = YES;
				CLANG_WARN_BLOCK_CAPTURE_AUTORELEASING = YES;
				CLANG_WARN_BOOL_CONVERSION = YES;
				CLANG_WARN_COMMA = YES;
				CLANG_WARN_CONSTANT_CONVERSION = YES;
				CLANG_WARN_DEPRECATED_OBJC_IMPLEMENTATIONS = YES;
				CLANG_WARN_DIRECT_OBJC_ISA_USAGE = YES_ERROR;
				CLANG_WARN_DOCUMENTATION_COMMENTS = YES;
				CLANG_WARN_EMPTY_BODY = YES;
				CLANG_WARN_ENUM_CONVERSION = YES;
				CLANG_WARN_INFINITE_RECURSION = YES;
				CLANG_WARN_INT_CONVERSION = YES;
				CLANG_WARN_NON_LITERAL_NULL_CONVERSION = YES;
				CLANG_WARN_OBJC_IMPLICIT_RETAIN_SELF = YES;
				CLANG_WARN_OBJC_LITERAL_CONVERSION = YES;
				CLANG_WARN_OBJC_ROOT_CLASS = YES_ERROR;
				CLANG_WARN_QUOTED_INCLUDE_IN_FRAMEWORK_HEADER = YES;
				CLANG_WARN_RANGE_LOOP_ANALYSIS = YES;
				CLANG_WARN_STRICT_PROTOTYPES = YES;
				CLANG_WARN_SUSPICIOUS_MOVE = YES;
				CLANG_WARN_UNGUARDED_AVAILABILITY = YES_AGGRESSIVE;
				CLANG_WARN_UNREACHABLE_CODE = YES;
				CLANG_WARN__DUPLICATE_METHOD_MATCH = YES;
				COPY_PHASE_STRIP = NO;
				DEBUG_INFORMATION_FORMAT = dwarf;
				ENABLE_STRICT_OBJC_MSGSEND = YES;
				ENABLE_TESTABILITY = YES;
				GCC_C_LANGUAGE_STANDARD = gnu11;
				GCC_DYNAMIC_NO_PIC = NO;
				GCC_NO_COMMON_BLOCKS = YES;
				GCC_OPTIMIZATION_LEVEL = 0;
				GCC_PREPROCESSOR_DEFINITIONS = (
					"DEBUG=1",
					"$(inherited)",
				);
				GCC_WARN_64_TO_32_BIT_CONVERSION = YES;
				GCC_WARN_ABOUT_RETURN_TYPE = YES_ERROR;
				GCC_WARN_UNDECLARED_SELECTOR = YES;
				GCC_WARN_UNINITIALIZED_AUTOS = YES_AGGRESSIVE;
				GCC_WARN_UNUSED_FUNCTION = YES;
				GCC_WARN_UNUSED_VARIABLE = YES;
				IPHONEOS_DEPLOYMENT_TARGET = 16.4;
				MTL_ENABLE_DEBUG_INFO = INCLUDE_SOURCE;
				MTL_FAST_MATH = YES;
				ONLY_ACTIVE_ARCH = YES;
				SDKROOT = iphoneos;
				SWIFT_ACTIVE_COMPILATION_CONDITIONS = DEBUG;
				SWIFT_OPTIMIZATION_LEVEL = "-Onone";
			};
			name = Debug;
		};
		270FAD252A9B748200511619 /* Release */ = {
			isa = XCBuildConfiguration;
			buildSettings = {
				ALWAYS_SEARCH_USER_PATHS = NO;
				CLANG_ANALYZER_NONNULL = YES;
				CLANG_ANALYZER_NUMBER_OBJECT_CONVERSION = YES_AGGRESSIVE;
				CLANG_CXX_LANGUAGE_STANDARD = "gnu++20";
				CLANG_ENABLE_MODULES = YES;
				CLANG_ENABLE_OBJC_ARC = YES;
				CLANG_ENABLE_OBJC_WEAK = YES;
				CLANG_WARN_BLOCK_CAPTURE_AUTORELEASING = YES;
				CLANG_WARN_BOOL_CONVERSION = YES;
				CLANG_WARN_COMMA = YES;
				CLANG_WARN_CONSTANT_CONVERSION = YES;
				CLANG_WARN_DEPRECATED_OBJC_IMPLEMENTATIONS = YES;
				CLANG_WARN_DIRECT_OBJC_ISA_USAGE = YES_ERROR;
				CLANG_WARN_DOCUMENTATION_COMMENTS = YES;
				CLANG_WARN_EMPTY_BODY = YES;
				CLANG_WARN_ENUM_CONVERSION = YES;
				CLANG_WARN_INFINITE_RECURSION = YES;
				CLANG_WARN_INT_CONVERSION = YES;
				CLANG_WARN_NON_LITERAL_NULL_CONVERSION = YES;
				CLANG_WARN_OBJC_IMPLICIT_RETAIN_SELF = YES;
				CLANG_WARN_OBJC_LITERAL_CONVERSION = YES;
				CLANG_WARN_OBJC_ROOT_CLASS = YES_ERROR;
				CLANG_WARN_QUOTED_INCLUDE_IN_FRAMEWORK_HEADER = YES;
				CLANG_WARN_RANGE_LOOP_ANALYSIS = YES;
				CLANG_WARN_STRICT_PROTOTYPES = YES;
				CLANG_WARN_SUSPICIOUS_MOVE = YES;
				CLANG_WARN_UNGUARDED_AVAILABILITY = YES_AGGRESSIVE;
				CLANG_WARN_UNREACHABLE_CODE = YES;
				CLANG_WARN__DUPLICATE_METHOD_MATCH = YES;
				COPY_PHASE_STRIP = NO;
				DEBUG_INFORMATION_FORMAT = "dwarf-with-dsym";
				ENABLE_NS_ASSERTIONS = NO;
				ENABLE_STRICT_OBJC_MSGSEND = YES;
				GCC_C_LANGUAGE_STANDARD = gnu11;
				GCC_NO_COMMON_BLOCKS = YES;
				GCC_WARN_64_TO_32_BIT_CONVERSION = YES;
				GCC_WARN_ABOUT_RETURN_TYPE = YES_ERROR;
				GCC_WARN_UNDECLARED_SELECTOR = YES;
				GCC_WARN_UNINITIALIZED_AUTOS = YES_AGGRESSIVE;
				GCC_WARN_UNUSED_FUNCTION = YES;
				GCC_WARN_UNUSED_VARIABLE = YES;
				IPHONEOS_DEPLOYMENT_TARGET = 16.4;
				MTL_ENABLE_DEBUG_INFO = NO;
				MTL_FAST_MATH = YES;
				SDKROOT = iphoneos;
				SWIFT_COMPILATION_MODE = wholemodule;
				SWIFT_OPTIMIZATION_LEVEL = "-O";
				VALIDATE_PRODUCT = YES;
			};
			name = Release;
		};
		270FAD272A9B748200511619 /* Debug */ = {
			isa = XCBuildConfiguration;
			buildSettings = {
				ASSETCATALOG_COMPILER_APPICON_NAME = AppIcon;
				ASSETCATALOG_COMPILER_GLOBAL_ACCENT_COLOR_NAME = AccentColor;
				CODE_SIGN_STYLE = Automatic;
				CURRENT_PROJECT_VERSION = 1;
				DEVELOPMENT_TEAM = 2YW3Q5CP4C;
				GENERATE_INFOPLIST_FILE = YES;
				INFOPLIST_FILE = ImageFeed/Info.plist;
				INFOPLIST_KEY_UIApplicationSupportsIndirectInputEvents = YES;
				INFOPLIST_KEY_UILaunchStoryboardName = LaunchScreen;
				INFOPLIST_KEY_UIMainStoryboardFile = Main;
				INFOPLIST_KEY_UISupportedInterfaceOrientations = UIInterfaceOrientationPortrait;
				INFOPLIST_KEY_UISupportedInterfaceOrientations_iPad = "UIInterfaceOrientationLandscapeLeft UIInterfaceOrientationLandscapeRight UIInterfaceOrientationPortrait UIInterfaceOrientationPortraitUpsideDown";
				IPHONEOS_DEPLOYMENT_TARGET = 13.0;
				LD_RUNPATH_SEARCH_PATHS = (
					"$(inherited)",
					"@executable_path/Frameworks",
				);
				MARKETING_VERSION = 1.0;
				PRODUCT_BUNDLE_IDENTIFIER = ospanovadinara.ImageFeed;
				PRODUCT_NAME = "$(TARGET_NAME)";
				SUPPORTED_PLATFORMS = "iphoneos iphonesimulator";
				SUPPORTS_MACCATALYST = NO;
				SUPPORTS_MAC_DESIGNED_FOR_IPHONE_IPAD = YES;
				SWIFT_EMIT_LOC_STRINGS = YES;
				SWIFT_VERSION = 5.0;
				TARGETED_DEVICE_FAMILY = 1;
			};
			name = Debug;
		};
		270FAD282A9B748200511619 /* Release */ = {
			isa = XCBuildConfiguration;
			buildSettings = {
				ASSETCATALOG_COMPILER_APPICON_NAME = AppIcon;
				ASSETCATALOG_COMPILER_GLOBAL_ACCENT_COLOR_NAME = AccentColor;
				CODE_SIGN_STYLE = Automatic;
				CURRENT_PROJECT_VERSION = 1;
				DEVELOPMENT_TEAM = 2YW3Q5CP4C;
				GENERATE_INFOPLIST_FILE = YES;
				INFOPLIST_FILE = ImageFeed/Info.plist;
				INFOPLIST_KEY_UIApplicationSupportsIndirectInputEvents = YES;
				INFOPLIST_KEY_UILaunchStoryboardName = LaunchScreen;
				INFOPLIST_KEY_UIMainStoryboardFile = Main;
				INFOPLIST_KEY_UISupportedInterfaceOrientations = UIInterfaceOrientationPortrait;
				INFOPLIST_KEY_UISupportedInterfaceOrientations_iPad = "UIInterfaceOrientationLandscapeLeft UIInterfaceOrientationLandscapeRight UIInterfaceOrientationPortrait UIInterfaceOrientationPortraitUpsideDown";
				IPHONEOS_DEPLOYMENT_TARGET = 13.0;
				LD_RUNPATH_SEARCH_PATHS = (
					"$(inherited)",
					"@executable_path/Frameworks",
				);
				MARKETING_VERSION = 1.0;
				PRODUCT_BUNDLE_IDENTIFIER = ospanovadinara.ImageFeed;
				PRODUCT_NAME = "$(TARGET_NAME)";
				SUPPORTED_PLATFORMS = "iphoneos iphonesimulator";
				SUPPORTS_MACCATALYST = NO;
				SUPPORTS_MAC_DESIGNED_FOR_IPHONE_IPAD = YES;
				SWIFT_EMIT_LOC_STRINGS = YES;
				SWIFT_VERSION = 5.0;
				TARGETED_DEVICE_FAMILY = 1;
			};
			name = Release;
		};
/* End XCBuildConfiguration section */

/* Begin XCConfigurationList section */
		270FAD0D2A9B748100511619 /* Build configuration list for PBXProject "ImageFeed" */ = {
			isa = XCConfigurationList;
			buildConfigurations = (
				270FAD242A9B748200511619 /* Debug */,
				270FAD252A9B748200511619 /* Release */,
			);
			defaultConfigurationIsVisible = 0;
			defaultConfigurationName = Release;
		};
		270FAD262A9B748200511619 /* Build configuration list for PBXNativeTarget "ImageFeed" */ = {
			isa = XCConfigurationList;
			buildConfigurations = (
				270FAD272A9B748200511619 /* Debug */,
				270FAD282A9B748200511619 /* Release */,
			);
			defaultConfigurationIsVisible = 0;
			defaultConfigurationName = Release;
		};
/* End XCConfigurationList section */

/* Begin XCRemoteSwiftPackageReference section */
		2735A79A2AD6708900B6D43C /* XCRemoteSwiftPackageReference "ProgressHUD" */ = {
			isa = XCRemoteSwiftPackageReference;
			repositoryURL = "https://github.com/relatedcode/ProgressHUD";
			requirement = {
				kind = exactVersion;
				version = 13.8.4;
			};
		};
		273CE36A2AB47B6100FFAE58 /* XCRemoteSwiftPackageReference "SnapKit" */ = {
			isa = XCRemoteSwiftPackageReference;
			repositoryURL = "https://github.com/SnapKit/SnapKit.git";
			requirement = {
				kind = upToNextMajorVersion;
				minimumVersion = 5.0.0;
			};
		};
/* End XCRemoteSwiftPackageReference section */

/* Begin XCSwiftPackageProductDependency section */
		2735A79B2AD6708900B6D43C /* ProgressHUD */ = {
			isa = XCSwiftPackageProductDependency;
			package = 2735A79A2AD6708900B6D43C /* XCRemoteSwiftPackageReference "ProgressHUD" */;
			productName = ProgressHUD;
		};
		273CE36B2AB47B6100FFAE58 /* SnapKit */ = {
			isa = XCSwiftPackageProductDependency;
			package = 273CE36A2AB47B6100FFAE58 /* XCRemoteSwiftPackageReference "SnapKit" */;
			productName = SnapKit;
		};
/* End XCSwiftPackageProductDependency section */
	};
	rootObject = 270FAD0A2A9B748100511619 /* Project object */;
}
